
Microsoft Visual Studio Solution File, Format Version 12.00
# Visual Studio 15
VisualStudioVersion = 15.0.27130.2027
MinimumVisualStudioVersion = 10.0.40219.1
Project("{8BC9CEB8-8B4A-11D0-8D11-00A0C91BC942}") = "opencv3_6.X", "opencv3_6.X\opencv3_6.X.vcxproj", "{8EA8CB2E-7258-41D0-A6FF-126C03ACD5A7}"
EndProject
Project("{8BC9CEB8-8B4A-11D0-8D11-00A0C91BC942}") = "6.1.12线性滤波方框均值高斯", "6.1.12线性滤波方框均值高斯\6.1.12线性滤波方框均值高斯.vcxproj", "{CE02C1E9-1724-46A9-A2C2-5D3620D0073F}"
EndProject
Project("{8BC9CEB8-8B4A-11D0-8D11-00A0C91BC942}") = "6.3.5.1dilate膨胀函数", "6.3.5.1dilate膨胀函数\6.3.5.1dilate膨胀函数.vcxproj", "{6C98B50F-D8EF-4522-88B6-17D94DB7F896}"
EndProject
Project("{8BC9CEB8-8B4A-11D0-8D11-00A0C91BC942}") = "6.3.5.2erode腐蚀操作", "6.3.5.2erode腐蚀操作\6.3.5.2erode腐蚀操作.vcxproj", "{9EBAB03E-26D2-41AB-9CCB-11CC7B082D3E}"
EndProject
Project("{8BC9CEB8-8B4A-11D0-8D11-00A0C91BC942}") = "6.3.6腐蚀与膨胀综合", "6.3.6腐蚀与膨胀综合\6.3.6腐蚀与膨胀综合.vcxproj", "{50BE8F20-B555-4F82-AB0A-82441570D549}"
EndProject
Project("{8BC9CEB8-8B4A-11D0-8D11-00A0C91BC942}") = "6.4.1图像开运算", "6.4.1图像开运算\6.4.1图像开运算.vcxproj", "{25161A99-7070-4BC2-B3BE-4965BBA43A8A}"
EndProject
Project("{8BC9CEB8-8B4A-11D0-8D11-00A0C91BC942}") = "6.4.2图像闭运算", "6.4.2图像闭运算\6.4.2图像闭运算.vcxproj", "{4168ACFD-12BA-424B-AA4B-05740A2B3CE0}"
EndProject
Project("{8BC9CEB8-8B4A-11D0-8D11-00A0C91BC942}") = "6.4.3形态学梯度Morphological Gradient", "6.4.3形态学梯度Morphological Gradient\6.4.3形态学梯度Morphological Gradient.vcxproj", "{6097EB42-5456-45B3-8C93-4631FB00CB6B}"
EndProject
Project("{8BC9CEB8-8B4A-11D0-8D11-00A0C91BC942}") = "6.4.4顶帽运算top_hat", "6.4.4顶帽运算top_hat\6.4.4顶帽运算top_hat.vcxproj", "{C4061B2D-0751-48A7-A1D8-6266FEE895BD}"
EndProject
Project("{8BC9CEB8-8B4A-11D0-8D11-00A0C91BC942}") = "6.4.5黑帽运算blackhat", "6.4.5黑帽运算blackhat\6.4.5黑帽运算blackhat.vcxproj", "{0251F4AE-BAD7-4EC3-81E9-89FBFEC791C7}"
EndProject
Project("{8BC9CEB8-8B4A-11D0-8D11-00A0C91BC942}") = "ConsoleApplication1", "ConsoleApplication1\ConsoleApplication1.vcxproj", "{8AB9992E-D568-4726-A4BD-2371DAB98AD5}"
EndProject
Project("{8BC9CEB8-8B4A-11D0-8D11-00A0C91BC942}") = "6.4.5X形态学图像处理综合实例", "6.4.5X形态学图像处理综合实例\6.4.5X形态学图像处理综合实例.vcxproj", "{04AAB523-D8D9-4160-9808-FE733FCCB811}"
EndProject
Project("{8BC9CEB8-8B4A-11D0-8D11-00A0C91BC942}") = "6.5.3floodfill函数用法实例", "6.5.3floodfill函数用法实例\6.5.3floodfill函数用法实例.vcxproj", "{5647189E-489C-4C4B-9A50-03F6D2449F30}"
EndProject
Project("{8BC9CEB8-8B4A-11D0-8D11-00A0C91BC942}") = "6.5.4漫水填充综合实例", "6.5.4漫水填充综合实例\6.5.4漫水填充综合实例.vcxproj", "{9105C6A7-BB0F-4520-9FD0-E4E06E5839BA}"
EndProject
Project("{8BC9CEB8-8B4A-11D0-8D11-00A0C91BC942}") = "6.6.5resize函数用法", "6.6.5resize函数用法\6.6.5resize函数用法.vcxproj", "{70164DA4-885E-4020-9A4F-4BCCF3D89C25}"
EndProject
Project("{8BC9CEB8-8B4A-11D0-8D11-00A0C91BC942}") = "6.6.6_1pyrUP函数用法", "6.6.6_1pyrUP函数用法\6.6.6_1pyrUP函数用法.vcxproj", "{F202F593-A8BB-4D34-B87A-7A95855919D4}"
EndProject
Project("{8BC9CEB8-8B4A-11D0-8D11-00A0C91BC942}") = "6.6.6_2pyrDown函数用法", "6.6.6_2pyrDown函数用法\6.6.6_2pyrDown函数用法.vcxproj", "{3805D2EA-74E7-4980-82B9-E4C0A0701377}"
EndProject
Project("{8BC9CEB8-8B4A-11D0-8D11-00A0C91BC942}") = "6.6.7图像金字塔和resize综合", "6.6.7图像金字塔和resize综合\6.6.7图像金字塔和resize综合.vcxproj", "{B70DC2AC-F85D-4710-B221-7711CBC8F40B}"
EndProject
Project("{8BC9CEB8-8B4A-11D0-8D11-00A0C91BC942}") = "6.7阈值基本操作", "6.7阈值基本操作\6.7阈值基本操作.vcxproj", "{DC0E0EE6-B719-44B5-A408-0522AC280620}"
EndProject
Global
	GlobalSection(SolutionConfigurationPlatforms) = preSolution
		Debug|x64 = Debug|x64
		Debug|x86 = Debug|x86
		Release|x64 = Release|x64
		Release|x86 = Release|x86
	EndGlobalSection
	GlobalSection(ProjectConfigurationPlatforms) = postSolution
		{8EA8CB2E-7258-41D0-A6FF-126C03ACD5A7}.Debug|x64.ActiveCfg = Debug|x64
		{8EA8CB2E-7258-41D0-A6FF-126C03ACD5A7}.Debug|x64.Build.0 = Debug|x64
		{8EA8CB2E-7258-41D0-A6FF-126C03ACD5A7}.Debug|x86.ActiveCfg = Debug|Win32
		{8EA8CB2E-7258-41D0-A6FF-126C03ACD5A7}.Debug|x86.Build.0 = Debug|Win32
		{8EA8CB2E-7258-41D0-A6FF-126C03ACD5A7}.Release|x64.ActiveCfg = Release|x64
		{8EA8CB2E-7258-41D0-A6FF-126C03ACD5A7}.Release|x64.Build.0 = Release|x64
		{8EA8CB2E-7258-41D0-A6FF-126C03ACD5A7}.Release|x86.ActiveCfg = Release|Win32
		{8EA8CB2E-7258-41D0-A6FF-126C03ACD5A7}.Release|x86.Build.0 = Release|Win32
		{CE02C1E9-1724-46A9-A2C2-5D3620D0073F}.Debug|x64.ActiveCfg = Debug|x64
		{CE02C1E9-1724-46A9-A2C2-5D3620D0073F}.Debug|x64.Build.0 = Debug|x64
		{CE02C1E9-1724-46A9-A2C2-5D3620D0073F}.Debug|x86.ActiveCfg = Debug|Win32
		{CE02C1E9-1724-46A9-A2C2-5D3620D0073F}.Debug|x86.Build.0 = Debug|Win32
		{CE02C1E9-1724-46A9-A2C2-5D3620D0073F}.Release|x64.ActiveCfg = Release|x64
		{CE02C1E9-1724-46A9-A2C2-5D3620D0073F}.Release|x64.Build.0 = Release|x64
		{CE02C1E9-1724-46A9-A2C2-5D3620D0073F}.Release|x86.ActiveCfg = Release|Win32
		{CE02C1E9-1724-46A9-A2C2-5D3620D0073F}.Release|x86.Build.0 = Release|Win32
		{6C98B50F-D8EF-4522-88B6-17D94DB7F896}.Debug|x64.ActiveCfg = Debug|x64
		{6C98B50F-D8EF-4522-88B6-17D94DB7F896}.Debug|x64.Build.0 = Debug|x64
		{6C98B50F-D8EF-4522-88B6-17D94DB7F896}.Debug|x86.ActiveCfg = Debug|Win32
		{6C98B50F-D8EF-4522-88B6-17D94DB7F896}.Debug|x86.Build.0 = Debug|Win32
		{6C98B50F-D8EF-4522-88B6-17D94DB7F896}.Release|x64.ActiveCfg = Release|x64
		{6C98B50F-D8EF-4522-88B6-17D94DB7F896}.Release|x64.Build.0 = Release|x64
		{6C98B50F-D8EF-4522-88B6-17D94DB7F896}.Release|x86.ActiveCfg = Release|Win32
		{6C98B50F-D8EF-4522-88B6-17D94DB7F896}.Release|x86.Build.0 = Release|Win32
		{9EBAB03E-26D2-41AB-9CCB-11CC7B082D3E}.Debug|x64.ActiveCfg = Debug|x64
		{9EBAB03E-26D2-41AB-9CCB-11CC7B082D3E}.Debug|x64.Build.0 = Debug|x64
		{9EBAB03E-26D2-41AB-9CCB-11CC7B082D3E}.Debug|x86.ActiveCfg = Debug|Win32
		{9EBAB03E-26D2-41AB-9CCB-11CC7B082D3E}.Debug|x86.Build.0 = Debug|Win32
		{9EBAB03E-26D2-41AB-9CCB-11CC7B082D3E}.Release|x64.ActiveCfg = Release|x64
		{9EBAB03E-26D2-41AB-9CCB-11CC7B082D3E}.Release|x64.Build.0 = Release|x64
		{9EBAB03E-26D2-41AB-9CCB-11CC7B082D3E}.Release|x86.ActiveCfg = Release|Win32
		{9EBAB03E-26D2-41AB-9CCB-11CC7B082D3E}.Release|x86.Build.0 = Release|Win32
		{50BE8F20-B555-4F82-AB0A-82441570D549}.Debug|x64.ActiveCfg = Debug|x64
		{50BE8F20-B555-4F82-AB0A-82441570D549}.Debug|x64.Build.0 = Debug|x64
		{50BE8F20-B555-4F82-AB0A-82441570D549}.Debug|x86.ActiveCfg = Debug|Win32
		{50BE8F20-B555-4F82-AB0A-82441570D549}.Debug|x86.Build.0 = Debug|Win32
		{50BE8F20-B555-4F82-AB0A-82441570D549}.Release|x64.ActiveCfg = Release|x64
		{50BE8F20-B555-4F82-AB0A-82441570D549}.Release|x64.Build.0 = Release|x64
		{50BE8F20-B555-4F82-AB0A-82441570D549}.Release|x86.ActiveCfg = Release|Win32
		{50BE8F20-B555-4F82-AB0A-82441570D549}.Release|x86.Build.0 = Release|Win32
		{25161A99-7070-4BC2-B3BE-4965BBA43A8A}.Debug|x64.ActiveCfg = Debug|x64
		{25161A99-7070-4BC2-B3BE-4965BBA43A8A}.Debug|x64.Build.0 = Debug|x64
		{25161A99-7070-4BC2-B3BE-4965BBA43A8A}.Debug|x86.ActiveCfg = Debug|Win32
		{25161A99-7070-4BC2-B3BE-4965BBA43A8A}.Debug|x86.Build.0 = Debug|Win32
		{25161A99-7070-4BC2-B3BE-4965BBA43A8A}.Release|x64.ActiveCfg = Release|x64
		{25161A99-7070-4BC2-B3BE-4965BBA43A8A}.Release|x64.Build.0 = Release|x64
		{25161A99-7070-4BC2-B3BE-4965BBA43A8A}.Release|x86.ActiveCfg = Release|Win32
		{25161A99-7070-4BC2-B3BE-4965BBA43A8A}.Release|x86.Build.0 = Release|Win32
		{4168ACFD-12BA-424B-AA4B-05740A2B3CE0}.Debug|x64.ActiveCfg = Debug|x64
		{4168ACFD-12BA-424B-AA4B-05740A2B3CE0}.Debug|x64.Build.0 = Debug|x64
		{4168ACFD-12BA-424B-AA4B-05740A2B3CE0}.Debug|x86.ActiveCfg = Debug|Win32
		{4168ACFD-12BA-424B-AA4B-05740A2B3CE0}.Debug|x86.Build.0 = Debug|Win32
		{4168ACFD-12BA-424B-AA4B-05740A2B3CE0}.Release|x64.ActiveCfg = Release|x64
		{4168ACFD-12BA-424B-AA4B-05740A2B3CE0}.Release|x64.Build.0 = Release|x64
		{4168ACFD-12BA-424B-AA4B-05740A2B3CE0}.Release|x86.ActiveCfg = Release|Win32
		{4168ACFD-12BA-424B-AA4B-05740A2B3CE0}.Release|x86.Build.0 = Release|Win32
		{6097EB42-5456-45B3-8C93-4631FB00CB6B}.Debug|x64.ActiveCfg = Debug|x64
		{6097EB42-5456-45B3-8C93-4631FB00CB6B}.Debug|x64.Build.0 = Debug|x64
		{6097EB42-5456-45B3-8C93-4631FB00CB6B}.Debug|x86.ActiveCfg = Debug|Win32
		{6097EB42-5456-45B3-8C93-4631FB00CB6B}.Debug|x86.Build.0 = Debug|Win32
		{6097EB42-5456-45B3-8C93-4631FB00CB6B}.Release|x64.ActiveCfg = Release|x64
		{6097EB42-5456-45B3-8C93-4631FB00CB6B}.Release|x64.Build.0 = Release|x64
		{6097EB42-5456-45B3-8C93-4631FB00CB6B}.Release|x86.ActiveCfg = Release|Win32
		{6097EB42-5456-45B3-8C93-4631FB00CB6B}.Release|x86.Build.0 = Release|Win32
		{C4061B2D-0751-48A7-A1D8-6266FEE895BD}.Debug|x64.ActiveCfg = Debug|x64
		{C4061B2D-0751-48A7-A1D8-6266FEE895BD}.Debug|x64.Build.0 = Debug|x64
		{C4061B2D-0751-48A7-A1D8-6266FEE895BD}.Debug|x86.ActiveCfg = Debug|Win32
		{C4061B2D-0751-48A7-A1D8-6266FEE895BD}.Debug|x86.Build.0 = Debug|Win32
		{C4061B2D-0751-48A7-A1D8-6266FEE895BD}.Release|x64.ActiveCfg = Release|x64
		{C4061B2D-0751-48A7-A1D8-6266FEE895BD}.Release|x64.Build.0 = Release|x64
		{C4061B2D-0751-48A7-A1D8-6266FEE895BD}.Release|x86.ActiveCfg = Release|Win32
		{C4061B2D-0751-48A7-A1D8-6266FEE895BD}.Release|x86.Build.0 = Release|Win32
		{0251F4AE-BAD7-4EC3-81E9-89FBFEC791C7}.Debug|x64.ActiveCfg = Debug|x64
		{0251F4AE-BAD7-4EC3-81E9-89FBFEC791C7}.Debug|x64.Build.0 = Debug|x64
		{0251F4AE-BAD7-4EC3-81E9-89FBFEC791C7}.Debug|x86.ActiveCfg = Debug|Win32
		{0251F4AE-BAD7-4EC3-81E9-89FBFEC791C7}.Debug|x86.Build.0 = Debug|Win32
		{0251F4AE-BAD7-4EC3-81E9-89FBFEC791C7}.Release|x64.ActiveCfg = Release|x64
		{0251F4AE-BAD7-4EC3-81E9-89FBFEC791C7}.Release|x64.Build.0 = Release|x64
		{0251F4AE-BAD7-4EC3-81E9-89FBFEC791C7}.Release|x86.ActiveCfg = Release|Win32
		{0251F4AE-BAD7-4EC3-81E9-89FBFEC791C7}.Release|x86.Build.0 = Release|Win32
		{8AB9992E-D568-4726-A4BD-2371DAB98AD5}.Debug|x64.ActiveCfg = Debug|x64
		{8AB9992E-D568-4726-A4BD-2371DAB98AD5}.Debug|x64.Build.0 = Debug|x64
		{8AB9992E-D568-4726-A4BD-2371DAB98AD5}.Debug|x86.ActiveCfg = Debug|Win32
		{8AB9992E-D568-4726-A4BD-2371DAB98AD5}.Debug|x86.Build.0 = Debug|Win32
		{8AB9992E-D568-4726-A4BD-2371DAB98AD5}.Release|x64.ActiveCfg = Release|x64
		{8AB9992E-D568-4726-A4BD-2371DAB98AD5}.Release|x64.Build.0 = Release|x64
		{8AB9992E-D568-4726-A4BD-2371DAB98AD5}.Release|x86.ActiveCfg = Release|Win32
		{8AB9992E-D568-4726-A4BD-2371DAB98AD5}.Release|x86.Build.0 = Release|Win32
		{04AAB523-D8D9-4160-9808-FE733FCCB811}.Debug|x64.ActiveCfg = Debug|x64
		{04AAB523-D8D9-4160-9808-FE733FCCB811}.Debug|x64.Build.0 = Debug|x64
		{04AAB523-D8D9-4160-9808-FE733FCCB811}.Debug|x86.ActiveCfg = Debug|Win32
		{04AAB523-D8D9-4160-9808-FE733FCCB811}.Debug|x86.Build.0 = Debug|Win32
		{04AAB523-D8D9-4160-9808-FE733FCCB811}.Release|x64.ActiveCfg = Release|x64
		{04AAB523-D8D9-4160-9808-FE733FCCB811}.Release|x64.Build.0 = Release|x64
		{04AAB523-D8D9-4160-9808-FE733FCCB811}.Release|x86.ActiveCfg = Release|Win32
		{04AAB523-D8D9-4160-9808-FE733FCCB811}.Release|x86.Build.0 = Release|Win32
		{5647189E-489C-4C4B-9A50-03F6D2449F30}.Debug|x64.ActiveCfg = Debug|x64
		{5647189E-489C-4C4B-9A50-03F6D2449F30}.Debug|x64.Build.0 = Debug|x64
		{5647189E-489C-4C4B-9A50-03F6D2449F30}.Debug|x86.ActiveCfg = Debug|Win32
		{5647189E-489C-4C4B-9A50-03F6D2449F30}.Debug|x86.Build.0 = Debug|Win32
		{5647189E-489C-4C4B-9A50-03F6D2449F30}.Release|x64.ActiveCfg = Release|x64
		{5647189E-489C-4C4B-9A50-03F6D2449F30}.Release|x64.Build.0 = Release|x64
		{5647189E-489C-4C4B-9A50-03F6D2449F30}.Release|x86.ActiveCfg = Release|Win32
		{5647189E-489C-4C4B-9A50-03F6D2449F30}.Release|x86.Build.0 = Release|Win32
		{9105C6A7-BB0F-4520-9FD0-E4E06E5839BA}.Debug|x64.ActiveCfg = Debug|x64
		{9105C6A7-BB0F-4520-9FD0-E4E06E5839BA}.Debug|x64.Build.0 = Debug|x64
		{9105C6A7-BB0F-4520-9FD0-E4E06E5839BA}.Debug|x86.ActiveCfg = Debug|Win32
		{9105C6A7-BB0F-4520-9FD0-E4E06E5839BA}.Debug|x86.Build.0 = Debug|Win32
		{9105C6A7-BB0F-4520-9FD0-E4E06E5839BA}.Release|x64.ActiveCfg = Release|x64
		{9105C6A7-BB0F-4520-9FD0-E4E06E5839BA}.Release|x64.Build.0 = Release|x64
		{9105C6A7-BB0F-4520-9FD0-E4E06E5839BA}.Release|x86.ActiveCfg = Release|Win32
		{9105C6A7-BB0F-4520-9FD0-E4E06E5839BA}.Release|x86.Build.0 = Release|Win32
		{70164DA4-885E-4020-9A4F-4BCCF3D89C25}.Debug|x64.ActiveCfg = Debug|x64
		{70164DA4-885E-4020-9A4F-4BCCF3D89C25}.Debug|x64.Build.0 = Debug|x64
		{70164DA4-885E-4020-9A4F-4BCCF3D89C25}.Debug|x86.ActiveCfg = Debug|Win32
		{70164DA4-885E-4020-9A4F-4BCCF3D89C25}.Debug|x86.Build.0 = Debug|Win32
		{70164DA4-885E-4020-9A4F-4BCCF3D89C25}.Release|x64.ActiveCfg = Release|x64
		{70164DA4-885E-4020-9A4F-4BCCF3D89C25}.Release|x64.Build.0 = Release|x64
		{70164DA4-885E-4020-9A4F-4BCCF3D89C25}.Release|x86.ActiveCfg = Release|Win32
		{70164DA4-885E-4020-9A4F-4BCCF3D89C25}.Release|x86.Build.0 = Release|Win32
		{F202F593-A8BB-4D34-B87A-7A95855919D4}.Debug|x64.ActiveCfg = Debug|x64
		{F202F593-A8BB-4D34-B87A-7A95855919D4}.Debug|x64.Build.0 = Debug|x64
		{F202F593-A8BB-4D34-B87A-7A95855919D4}.Debug|x86.ActiveCfg = Debug|Win32
		{F202F593-A8BB-4D34-B87A-7A95855919D4}.Debug|x86.Build.0 = Debug|Win32
		{F202F593-A8BB-4D34-B87A-7A95855919D4}.Release|x64.ActiveCfg = Release|x64
		{F202F593-A8BB-4D34-B87A-7A95855919D4}.Release|x64.Build.0 = Release|x64
		{F202F593-A8BB-4D34-B87A-7A95855919D4}.Release|x86.ActiveCfg = Release|Win32
		{F202F593-A8BB-4D34-B87A-7A95855919D4}.Release|x86.Build.0 = Release|Win32
		{3805D2EA-74E7-4980-82B9-E4C0A0701377}.Debug|x64.ActiveCfg = Debug|x64
		{3805D2EA-74E7-4980-82B9-E4C0A0701377}.Debug|x64.Build.0 = Debug|x64
		{3805D2EA-74E7-4980-82B9-E4C0A0701377}.Debug|x86.ActiveCfg = Debug|Win32
		{3805D2EA-74E7-4980-82B9-E4C0A0701377}.Debug|x86.Build.0 = Debug|Win32
		{3805D2EA-74E7-4980-82B9-E4C0A0701377}.Release|x64.ActiveCfg = Release|x64
		{3805D2EA-74E7-4980-82B9-E4C0A0701377}.Release|x64.Build.0 = Release|x64
		{3805D2EA-74E7-4980-82B9-E4C0A0701377}.Release|x86.ActiveCfg = Release|Win32
		{3805D2EA-74E7-4980-82B9-E4C0A0701377}.Release|x86.Build.0 = Release|Win32
		{B70DC2AC-F85D-4710-B221-7711CBC8F40B}.Debug|x64.ActiveCfg = Debug|x64
		{B70DC2AC-F85D-4710-B221-7711CBC8F40B}.Debug|x64.Build.0 = Debug|x64
		{B70DC2AC-F85D-4710-B221-7711CBC8F40B}.Debug|x86.ActiveCfg = Debug|Win32
		{B70DC2AC-F85D-4710-B221-7711CBC8F40B}.Debug|x86.Build.0 = Debug|Win32
		{B70DC2AC-F85D-4710-B221-7711CBC8F40B}.Release|x64.ActiveCfg = Release|x64
		{B70DC2AC-F85D-4710-B221-7711CBC8F40B}.Release|x64.Build.0 = Release|x64
		{B70DC2AC-F85D-4710-B221-7711CBC8F40B}.Release|x86.ActiveCfg = Release|Win32
		{B70DC2AC-F85D-4710-B221-7711CBC8F40B}.Release|x86.Build.0 = Release|Win32
		{DC0E0EE6-B719-44B5-A408-0522AC280620}.Debug|x64.ActiveCfg = Debug|x64
		{DC0E0EE6-B719-44B5-A408-0522AC280620}.Debug|x64.Build.0 = Debug|x64
		{DC0E0EE6-B719-44B5-A408-0522AC280620}.Debug|x86.ActiveCfg = Debug|Win32
		{DC0E0EE6-B719-44B5-A408-0522AC280620}.Debug|x86.Build.0 = Debug|Win32
		{DC0E0EE6-B719-44B5-A408-0522AC280620}.Release|x64.ActiveCfg = Release|x64
		{DC0E0EE6-B719-44B5-A408-0522AC280620}.Release|x64.Build.0 = Release|x64
		{DC0E0EE6-B719-44B5-A408-0522AC280620}.Release|x86.ActiveCfg = Release|Win32
		{DC0E0EE6-B719-44B5-A408-0522AC280620}.Release|x86.Build.0 = Release|Win32
	EndGlobalSection
	GlobalSection(SolutionProperties) = preSolution
		HideSolutionNode = FALSE
	EndGlobalSection
	GlobalSection(ExtensibilityGlobals) = postSolution
		SolutionGuid = {0E12C39B-4C44-4865-990E-0FB2A8B7DE15}
	EndGlobalSection
EndGlobal
