
Microsoft Visual Studio Solution File, Format Version 12.00
# Visual Studio 15
VisualStudioVersion = 15.0.27130.2027
MinimumVisualStudioVersion = 10.0.40219.1
Project("{8BC9CEB8-8B4A-11D0-8D11-00A0C91BC942}") = "cv2-6", "cv2-6\cv2-6.vcxproj", "{48A33A9C-EE61-416B-BBE1-1CAB0B93E806}"
EndProject
Project("{8BC9CEB8-8B4A-11D0-8D11-00A0C91BC942}") = "6.1.12线性滤波", "6.1.12线性滤波\6.1.12线性滤波.vcxproj", "{CC421B8B-304C-4D9B-BA6C-FF63867B0034}"
EndProject
Project("{8BC9CEB8-8B4A-11D0-8D11-00A0C91BC942}") = "6.2.5非线性滤波", "6.2.5非线性滤波\6.2.5非线性滤波.vcxproj", "{BD4B6ECD-34C0-46EC-8087-5BDD0FF3A3D2}"
EndProject
Project("{8BC9CEB8-8B4A-11D0-8D11-00A0C91BC942}") = "6.3.2膨胀", "6.3.2膨胀\6.3.2膨胀.vcxproj", "{C790666B-27C7-48B4-9C20-4DF28351F7A2}"
EndProject
Project("{8BC9CEB8-8B4A-11D0-8D11-00A0C91BC942}") = "6.3.3腐蚀", "6.3.3腐蚀\6.3.3腐蚀.vcxproj", "{C58C4DFF-7FCE-42EB-820D-C608EB4E65FC}"
EndProject
Project("{8BC9CEB8-8B4A-11D0-8D11-00A0C91BC942}") = "6.4.1开运算", "6.4.1开运算\6.4.1开运算.vcxproj", "{5EF84264-ED4D-4753-B4D7-EEE25BF8F9D6}"
EndProject
Project("{8BC9CEB8-8B4A-11D0-8D11-00A0C91BC942}") = "6.4.2闭运算", "6.4.2闭运算\6.4.2闭运算.vcxproj", "{30F2E34D-CBC6-4A99-A29D-E54B7D42E873}"
EndProject
Project("{8BC9CEB8-8B4A-11D0-8D11-00A0C91BC942}") = "6.4.3形态学梯度", "6.4.3形态学梯度\6.4.3形态学梯度.vcxproj", "{6E5DC467-6C5C-4F41-9524-87F98AB7D5A2}"
EndProject
Project("{8BC9CEB8-8B4A-11D0-8D11-00A0C91BC942}") = "6.4.4顶帽", "6.4.4顶帽\6.4.4顶帽.vcxproj", "{B016FAB5-D76C-481F-A676-35542262603A}"
EndProject
Project("{8BC9CEB8-8B4A-11D0-8D11-00A0C91BC942}") = "6.4.5黑帽", "6.4.5黑帽\6.4.5黑帽.vcxproj", "{B09F4A74-D49D-4D53-ACDB-4A3CCEE5866F}"
EndProject
Project("{8BC9CEB8-8B4A-11D0-8D11-00A0C91BC942}") = "6.5漫水填充", "6.5漫水填充\6.5漫水填充.vcxproj", "{F1F6D745-C5A6-4DA6-AA38-67C77689441A}"
EndProject
Project("{8BC9CEB8-8B4A-11D0-8D11-00A0C91BC942}") = "6.6.5resize", "6.6.5resize\6.6.5resize.vcxproj", "{D6E2E606-2AA2-4205-A439-CB46A903BD25}"
EndProject
Project("{8BC9CEB8-8B4A-11D0-8D11-00A0C91BC942}") = "6.6.6-1pyrup函数", "6.6.6-1pyrup函数\6.6.6-1pyrup函数.vcxproj", "{1FAEB6A4-68B7-486B-9D05-55D073D64011}"
EndProject
Project("{8BC9CEB8-8B4A-11D0-8D11-00A0C91BC942}") = "6.6.6-2pyrDown函数", "6.6.6-2pyrDown函数\6.6.6-2pyrDown函数.vcxproj", "{FF9464CA-6DB2-4A0F-A79D-83CF8F5434C7}"
EndProject
Project("{8BC9CEB8-8B4A-11D0-8D11-00A0C91BC942}") = "6.6.7图形金字塔与图片缩放", "6.6.7图形金字塔与图片缩放\6.6.7图形金字塔与图片缩放.vcxproj", "{861DE529-9502-4FA5-815B-EDB0C061F884}"
EndProject
Project("{8BC9CEB8-8B4A-11D0-8D11-00A0C91BC942}") = "6.7.3基本阈值操作", "6.7.3基本阈值操作\6.7.3基本阈值操作.vcxproj", "{8C318835-44CC-4DFF-B38D-14B24192E484}"
EndProject
Global
	GlobalSection(SolutionConfigurationPlatforms) = preSolution
		Debug|x64 = Debug|x64
		Debug|x86 = Debug|x86
		Release|x64 = Release|x64
		Release|x86 = Release|x86
	EndGlobalSection
	GlobalSection(ProjectConfigurationPlatforms) = postSolution
		{48A33A9C-EE61-416B-BBE1-1CAB0B93E806}.Debug|x64.ActiveCfg = Debug|x64
		{48A33A9C-EE61-416B-BBE1-1CAB0B93E806}.Debug|x64.Build.0 = Debug|x64
		{48A33A9C-EE61-416B-BBE1-1CAB0B93E806}.Debug|x86.ActiveCfg = Debug|Win32
		{48A33A9C-EE61-416B-BBE1-1CAB0B93E806}.Debug|x86.Build.0 = Debug|Win32
		{48A33A9C-EE61-416B-BBE1-1CAB0B93E806}.Release|x64.ActiveCfg = Release|x64
		{48A33A9C-EE61-416B-BBE1-1CAB0B93E806}.Release|x64.Build.0 = Release|x64
		{48A33A9C-EE61-416B-BBE1-1CAB0B93E806}.Release|x86.ActiveCfg = Release|Win32
		{48A33A9C-EE61-416B-BBE1-1CAB0B93E806}.Release|x86.Build.0 = Release|Win32
		{CC421B8B-304C-4D9B-BA6C-FF63867B0034}.Debug|x64.ActiveCfg = Debug|x64
		{CC421B8B-304C-4D9B-BA6C-FF63867B0034}.Debug|x64.Build.0 = Debug|x64
		{CC421B8B-304C-4D9B-BA6C-FF63867B0034}.Debug|x86.ActiveCfg = Debug|Win32
		{CC421B8B-304C-4D9B-BA6C-FF63867B0034}.Debug|x86.Build.0 = Debug|Win32
		{CC421B8B-304C-4D9B-BA6C-FF63867B0034}.Release|x64.ActiveCfg = Release|x64
		{CC421B8B-304C-4D9B-BA6C-FF63867B0034}.Release|x64.Build.0 = Release|x64
		{CC421B8B-304C-4D9B-BA6C-FF63867B0034}.Release|x86.ActiveCfg = Release|Win32
		{CC421B8B-304C-4D9B-BA6C-FF63867B0034}.Release|x86.Build.0 = Release|Win32
		{BD4B6ECD-34C0-46EC-8087-5BDD0FF3A3D2}.Debug|x64.ActiveCfg = Debug|x64
		{BD4B6ECD-34C0-46EC-8087-5BDD0FF3A3D2}.Debug|x64.Build.0 = Debug|x64
		{BD4B6ECD-34C0-46EC-8087-5BDD0FF3A3D2}.Debug|x86.ActiveCfg = Debug|Win32
		{BD4B6ECD-34C0-46EC-8087-5BDD0FF3A3D2}.Debug|x86.Build.0 = Debug|Win32
		{BD4B6ECD-34C0-46EC-8087-5BDD0FF3A3D2}.Release|x64.ActiveCfg = Release|x64
		{BD4B6ECD-34C0-46EC-8087-5BDD0FF3A3D2}.Release|x64.Build.0 = Release|x64
		{BD4B6ECD-34C0-46EC-8087-5BDD0FF3A3D2}.Release|x86.ActiveCfg = Release|Win32
		{BD4B6ECD-34C0-46EC-8087-5BDD0FF3A3D2}.Release|x86.Build.0 = Release|Win32
		{C790666B-27C7-48B4-9C20-4DF28351F7A2}.Debug|x64.ActiveCfg = Debug|x64
		{C790666B-27C7-48B4-9C20-4DF28351F7A2}.Debug|x64.Build.0 = Debug|x64
		{C790666B-27C7-48B4-9C20-4DF28351F7A2}.Debug|x86.ActiveCfg = Debug|Win32
		{C790666B-27C7-48B4-9C20-4DF28351F7A2}.Debug|x86.Build.0 = Debug|Win32
		{C790666B-27C7-48B4-9C20-4DF28351F7A2}.Release|x64.ActiveCfg = Release|x64
		{C790666B-27C7-48B4-9C20-4DF28351F7A2}.Release|x64.Build.0 = Release|x64
		{C790666B-27C7-48B4-9C20-4DF28351F7A2}.Release|x86.ActiveCfg = Release|Win32
		{C790666B-27C7-48B4-9C20-4DF28351F7A2}.Release|x86.Build.0 = Release|Win32
		{C58C4DFF-7FCE-42EB-820D-C608EB4E65FC}.Debug|x64.ActiveCfg = Debug|x64
		{C58C4DFF-7FCE-42EB-820D-C608EB4E65FC}.Debug|x64.Build.0 = Debug|x64
		{C58C4DFF-7FCE-42EB-820D-C608EB4E65FC}.Debug|x86.ActiveCfg = Debug|Win32
		{C58C4DFF-7FCE-42EB-820D-C608EB4E65FC}.Debug|x86.Build.0 = Debug|Win32
		{C58C4DFF-7FCE-42EB-820D-C608EB4E65FC}.Release|x64.ActiveCfg = Release|x64
		{C58C4DFF-7FCE-42EB-820D-C608EB4E65FC}.Release|x64.Build.0 = Release|x64
		{C58C4DFF-7FCE-42EB-820D-C608EB4E65FC}.Release|x86.ActiveCfg = Release|Win32
		{C58C4DFF-7FCE-42EB-820D-C608EB4E65FC}.Release|x86.Build.0 = Release|Win32
		{5EF84264-ED4D-4753-B4D7-EEE25BF8F9D6}.Debug|x64.ActiveCfg = Debug|x64
		{5EF84264-ED4D-4753-B4D7-EEE25BF8F9D6}.Debug|x64.Build.0 = Debug|x64
		{5EF84264-ED4D-4753-B4D7-EEE25BF8F9D6}.Debug|x86.ActiveCfg = Debug|Win32
		{5EF84264-ED4D-4753-B4D7-EEE25BF8F9D6}.Debug|x86.Build.0 = Debug|Win32
		{5EF84264-ED4D-4753-B4D7-EEE25BF8F9D6}.Release|x64.ActiveCfg = Release|x64
		{5EF84264-ED4D-4753-B4D7-EEE25BF8F9D6}.Release|x64.Build.0 = Release|x64
		{5EF84264-ED4D-4753-B4D7-EEE25BF8F9D6}.Release|x86.ActiveCfg = Release|Win32
		{5EF84264-ED4D-4753-B4D7-EEE25BF8F9D6}.Release|x86.Build.0 = Release|Win32
		{30F2E34D-CBC6-4A99-A29D-E54B7D42E873}.Debug|x64.ActiveCfg = Debug|x64
		{30F2E34D-CBC6-4A99-A29D-E54B7D42E873}.Debug|x64.Build.0 = Debug|x64
		{30F2E34D-CBC6-4A99-A29D-E54B7D42E873}.Debug|x86.ActiveCfg = Debug|Win32
		{30F2E34D-CBC6-4A99-A29D-E54B7D42E873}.Debug|x86.Build.0 = Debug|Win32
		{30F2E34D-CBC6-4A99-A29D-E54B7D42E873}.Release|x64.ActiveCfg = Release|x64
		{30F2E34D-CBC6-4A99-A29D-E54B7D42E873}.Release|x64.Build.0 = Release|x64
		{30F2E34D-CBC6-4A99-A29D-E54B7D42E873}.Release|x86.ActiveCfg = Release|Win32
		{30F2E34D-CBC6-4A99-A29D-E54B7D42E873}.Release|x86.Build.0 = Release|Win32
		{6E5DC467-6C5C-4F41-9524-87F98AB7D5A2}.Debug|x64.ActiveCfg = Debug|x64
		{6E5DC467-6C5C-4F41-9524-87F98AB7D5A2}.Debug|x64.Build.0 = Debug|x64
		{6E5DC467-6C5C-4F41-9524-87F98AB7D5A2}.Debug|x86.ActiveCfg = Debug|Win32
		{6E5DC467-6C5C-4F41-9524-87F98AB7D5A2}.Debug|x86.Build.0 = Debug|Win32
		{6E5DC467-6C5C-4F41-9524-87F98AB7D5A2}.Release|x64.ActiveCfg = Release|x64
		{6E5DC467-6C5C-4F41-9524-87F98AB7D5A2}.Release|x64.Build.0 = Release|x64
		{6E5DC467-6C5C-4F41-9524-87F98AB7D5A2}.Release|x86.ActiveCfg = Release|Win32
		{6E5DC467-6C5C-4F41-9524-87F98AB7D5A2}.Release|x86.Build.0 = Release|Win32
		{B016FAB5-D76C-481F-A676-35542262603A}.Debug|x64.ActiveCfg = Debug|x64
		{B016FAB5-D76C-481F-A676-35542262603A}.Debug|x64.Build.0 = Debug|x64
		{B016FAB5-D76C-481F-A676-35542262603A}.Debug|x86.ActiveCfg = Debug|Win32
		{B016FAB5-D76C-481F-A676-35542262603A}.Debug|x86.Build.0 = Debug|Win32
		{B016FAB5-D76C-481F-A676-35542262603A}.Release|x64.ActiveCfg = Release|x64
		{B016FAB5-D76C-481F-A676-35542262603A}.Release|x64.Build.0 = Release|x64
		{B016FAB5-D76C-481F-A676-35542262603A}.Release|x86.ActiveCfg = Release|Win32
		{B016FAB5-D76C-481F-A676-35542262603A}.Release|x86.Build.0 = Release|Win32
		{B09F4A74-D49D-4D53-ACDB-4A3CCEE5866F}.Debug|x64.ActiveCfg = Debug|x64
		{B09F4A74-D49D-4D53-ACDB-4A3CCEE5866F}.Debug|x64.Build.0 = Debug|x64
		{B09F4A74-D49D-4D53-ACDB-4A3CCEE5866F}.Debug|x86.ActiveCfg = Debug|Win32
		{B09F4A74-D49D-4D53-ACDB-4A3CCEE5866F}.Debug|x86.Build.0 = Debug|Win32
		{B09F4A74-D49D-4D53-ACDB-4A3CCEE5866F}.Release|x64.ActiveCfg = Release|x64
		{B09F4A74-D49D-4D53-ACDB-4A3CCEE5866F}.Release|x64.Build.0 = Release|x64
		{B09F4A74-D49D-4D53-ACDB-4A3CCEE5866F}.Release|x86.ActiveCfg = Release|Win32
		{B09F4A74-D49D-4D53-ACDB-4A3CCEE5866F}.Release|x86.Build.0 = Release|Win32
		{F1F6D745-C5A6-4DA6-AA38-67C77689441A}.Debug|x64.ActiveCfg = Debug|x64
		{F1F6D745-C5A6-4DA6-AA38-67C77689441A}.Debug|x64.Build.0 = Debug|x64
		{F1F6D745-C5A6-4DA6-AA38-67C77689441A}.Debug|x86.ActiveCfg = Debug|Win32
		{F1F6D745-C5A6-4DA6-AA38-67C77689441A}.Debug|x86.Build.0 = Debug|Win32
		{F1F6D745-C5A6-4DA6-AA38-67C77689441A}.Release|x64.ActiveCfg = Release|x64
		{F1F6D745-C5A6-4DA6-AA38-67C77689441A}.Release|x64.Build.0 = Release|x64
		{F1F6D745-C5A6-4DA6-AA38-67C77689441A}.Release|x86.ActiveCfg = Release|Win32
		{F1F6D745-C5A6-4DA6-AA38-67C77689441A}.Release|x86.Build.0 = Release|Win32
		{D6E2E606-2AA2-4205-A439-CB46A903BD25}.Debug|x64.ActiveCfg = Debug|x64
		{D6E2E606-2AA2-4205-A439-CB46A903BD25}.Debug|x64.Build.0 = Debug|x64
		{D6E2E606-2AA2-4205-A439-CB46A903BD25}.Debug|x86.ActiveCfg = Debug|Win32
		{D6E2E606-2AA2-4205-A439-CB46A903BD25}.Debug|x86.Build.0 = Debug|Win32
		{D6E2E606-2AA2-4205-A439-CB46A903BD25}.Release|x64.ActiveCfg = Release|x64
		{D6E2E606-2AA2-4205-A439-CB46A903BD25}.Release|x64.Build.0 = Release|x64
		{D6E2E606-2AA2-4205-A439-CB46A903BD25}.Release|x86.ActiveCfg = Release|Win32
		{D6E2E606-2AA2-4205-A439-CB46A903BD25}.Release|x86.Build.0 = Release|Win32
		{1FAEB6A4-68B7-486B-9D05-55D073D64011}.Debug|x64.ActiveCfg = Debug|x64
		{1FAEB6A4-68B7-486B-9D05-55D073D64011}.Debug|x64.Build.0 = Debug|x64
		{1FAEB6A4-68B7-486B-9D05-55D073D64011}.Debug|x86.ActiveCfg = Debug|Win32
		{1FAEB6A4-68B7-486B-9D05-55D073D64011}.Debug|x86.Build.0 = Debug|Win32
		{1FAEB6A4-68B7-486B-9D05-55D073D64011}.Release|x64.ActiveCfg = Release|x64
		{1FAEB6A4-68B7-486B-9D05-55D073D64011}.Release|x64.Build.0 = Release|x64
		{1FAEB6A4-68B7-486B-9D05-55D073D64011}.Release|x86.ActiveCfg = Release|Win32
		{1FAEB6A4-68B7-486B-9D05-55D073D64011}.Release|x86.Build.0 = Release|Win32
		{FF9464CA-6DB2-4A0F-A79D-83CF8F5434C7}.Debug|x64.ActiveCfg = Debug|x64
		{FF9464CA-6DB2-4A0F-A79D-83CF8F5434C7}.Debug|x64.Build.0 = Debug|x64
		{FF9464CA-6DB2-4A0F-A79D-83CF8F5434C7}.Debug|x86.ActiveCfg = Debug|Win32
		{FF9464CA-6DB2-4A0F-A79D-83CF8F5434C7}.Debug|x86.Build.0 = Debug|Win32
		{FF9464CA-6DB2-4A0F-A79D-83CF8F5434C7}.Release|x64.ActiveCfg = Release|x64
		{FF9464CA-6DB2-4A0F-A79D-83CF8F5434C7}.Release|x64.Build.0 = Release|x64
		{FF9464CA-6DB2-4A0F-A79D-83CF8F5434C7}.Release|x86.ActiveCfg = Release|Win32
		{FF9464CA-6DB2-4A0F-A79D-83CF8F5434C7}.Release|x86.Build.0 = Release|Win32
		{861DE529-9502-4FA5-815B-EDB0C061F884}.Debug|x64.ActiveCfg = Debug|x64
		{861DE529-9502-4FA5-815B-EDB0C061F884}.Debug|x64.Build.0 = Debug|x64
		{861DE529-9502-4FA5-815B-EDB0C061F884}.Debug|x86.ActiveCfg = Debug|Win32
		{861DE529-9502-4FA5-815B-EDB0C061F884}.Debug|x86.Build.0 = Debug|Win32
		{861DE529-9502-4FA5-815B-EDB0C061F884}.Release|x64.ActiveCfg = Release|x64
		{861DE529-9502-4FA5-815B-EDB0C061F884}.Release|x64.Build.0 = Release|x64
		{861DE529-9502-4FA5-815B-EDB0C061F884}.Release|x86.ActiveCfg = Release|Win32
		{861DE529-9502-4FA5-815B-EDB0C061F884}.Release|x86.Build.0 = Release|Win32
		{8C318835-44CC-4DFF-B38D-14B24192E484}.Debug|x64.ActiveCfg = Debug|x64
		{8C318835-44CC-4DFF-B38D-14B24192E484}.Debug|x64.Build.0 = Debug|x64
		{8C318835-44CC-4DFF-B38D-14B24192E484}.Debug|x86.ActiveCfg = Debug|Win32
		{8C318835-44CC-4DFF-B38D-14B24192E484}.Debug|x86.Build.0 = Debug|Win32
		{8C318835-44CC-4DFF-B38D-14B24192E484}.Release|x64.ActiveCfg = Release|x64
		{8C318835-44CC-4DFF-B38D-14B24192E484}.Release|x64.Build.0 = Release|x64
		{8C318835-44CC-4DFF-B38D-14B24192E484}.Release|x86.ActiveCfg = Release|Win32
		{8C318835-44CC-4DFF-B38D-14B24192E484}.Release|x86.Build.0 = Release|Win32
	EndGlobalSection
	GlobalSection(SolutionProperties) = preSolution
		HideSolutionNode = FALSE
	EndGlobalSection
	GlobalSection(ExtensibilityGlobals) = postSolution
		SolutionGuid = {FF38079A-6CE3-4304-9A4C-7A24141A9608}
	EndGlobalSection
EndGlobal
